
Microsoft Visual Studio Solution File, Format Version 12.00
# Visual Studio Version 16
VisualStudioVersion = 16.0.32510.428
MinimumVisualStudioVersion = 10.0.40219.1
Project("{F184B08F-C81C-45F6-A57F-5ABD9991F28F}") = "App", "App\App.vbproj", "{D9D7DC9E-9854-46E8-8A9C-0EE0A3FB11F4}"
EndProject
Global
	GlobalSection(SolutionConfigurationPlatforms) = preSolution
		Debug|Any CPU = Debug|Any CPU
		Release|Any CPU = Release|Any CPU
	EndGlobalSection
	GlobalSection(ProjectConfigurationPlatforms) = postSolution
		{D9D7DC9E-9854-46E8-8A9C-0EE0A3FB11F4}.Debug|Any CPU.ActiveCfg = Debug|Any CPU
		{D9D7DC9E-9854-46E8-8A9C-0EE0A3FB11F4}.Debug|Any CPU.Build.0 = Debug|Any CPU
		{D9D7DC9E-9854-46E8-8A9C-0EE0A3FB11F4}.Release|Any CPU.ActiveCfg = Release|Any CPU
		{D9D7DC9E-9854-46E8-8A9C-0EE0A3FB11F4}.Release|Any CPU.Build.0 = Release|Any CPU
	EndGlobalSection
	GlobalSection(SolutionProperties) = preSolution
		HideSolutionNode = FALSE
	EndGlobalSection
	GlobalSection(ExtensibilityGlobals) = postSolution
		SolutionGuid = {10C8DE5D-9D74-402A-B2D4-2B695105913C}
	EndGlobalSection
EndGlobal
